// !$*UTF8*$!
{
	archiveVersion = 1;
	classes = {
	};
	objectVersion = 48;
	objects = {

/* Begin PBXBuildFile section */
		573B0C5D1F8F46A900C650D1 /* AppDelegate.swift in Sources */ = {isa = PBXBuildFile; fileRef = 573B0C5C1F8F46A900C650D1 /* AppDelegate.swift */; };
		573B0C5F1F8F46A900C650D1 /* BrowseViewController.swift in Sources */ = {isa = PBXBuildFile; fileRef = 573B0C5E1F8F46A900C650D1 /* BrowseViewController.swift */; };
		573B0C621F8F46A900C650D1 /* Main.storyboard in Resources */ = {isa = PBXBuildFile; fileRef = 573B0C601F8F46A900C650D1 /* Main.storyboard */; };
		573B0C641F8F46A900C650D1 /* Assets.xcassets in Resources */ = {isa = PBXBuildFile; fileRef = 573B0C631F8F46A900C650D1 /* Assets.xcassets */; };
		573B0C671F8F46A900C650D1 /* LaunchScreen.storyboard in Resources */ = {isa = PBXBuildFile; fileRef = 573B0C651F8F46A900C650D1 /* LaunchScreen.storyboard */; };
		573B0C721F8F46A900C650D1 /* PlayerTests.swift in Sources */ = {isa = PBXBuildFile; fileRef = 573B0C711F8F46A900C650D1 /* PlayerTests.swift */; };
		57577EE41F8F545C00CEFEDD /* APIClient.swift in Sources */ = {isa = PBXBuildFile; fileRef = 57577EE31F8F545C00CEFEDD /* APIClient.swift */; };
/* End PBXBuildFile section */

/* Begin PBXContainerItemProxy section */
		573B0C6E1F8F46A900C650D1 /* PBXContainerItemProxy */ = {
			isa = PBXContainerItemProxy;
			containerPortal = 573B0C511F8F46A900C650D1 /* Project object */;
			proxyType = 1;
			remoteGlobalIDString = 573B0C581F8F46A900C650D1;
			remoteInfo = Player;
		};
/* End PBXContainerItemProxy section */

/* Begin PBXFileReference section */
		573B0C591F8F46A900C650D1 /* Player.app */ = {isa = PBXFileReference; explicitFileType = wrapper.application; includeInIndex = 0; path = Player.app; sourceTree = BUILT_PRODUCTS_DIR; };
		573B0C5C1F8F46A900C650D1 /* AppDelegate.swift */ = {isa = PBXFileReference; lastKnownFileType = sourcecode.swift; path = AppDelegate.swift; sourceTree = "<group>"; };
		573B0C5E1F8F46A900C650D1 /* BrowseViewController.swift */ = {isa = PBXFileReference; lastKnownFileType = sourcecode.swift; path = BrowseViewController.swift; sourceTree = "<group>"; };
		573B0C611F8F46A900C650D1 /* Base */ = {isa = PBXFileReference; lastKnownFileType = file.storyboard; name = Base; path = Base.lproj/Main.storyboard; sourceTree = "<group>"; };
		573B0C631F8F46A900C650D1 /* Assets.xcassets */ = {isa = PBXFileReference; lastKnownFileType = folder.assetcatalog; path = Assets.xcassets; sourceTree = "<group>"; };
		573B0C661F8F46A900C650D1 /* Base */ = {isa = PBXFileReference; lastKnownFileType = file.storyboard; name = Base; path = Base.lproj/LaunchScreen.storyboard; sourceTree = "<group>"; };
		573B0C681F8F46A900C650D1 /* Info.plist */ = {isa = PBXFileReference; lastKnownFileType = text.plist.xml; path = Info.plist; sourceTree = "<group>"; };
		573B0C6D1F8F46A900C650D1 /* PlayerTests.xctest */ = {isa = PBXFileReference; explicitFileType = wrapper.cfbundle; includeInIndex = 0; path = PlayerTests.xctest; sourceTree = BUILT_PRODUCTS_DIR; };
		573B0C711F8F46A900C650D1 /* PlayerTests.swift */ = {isa = PBXFileReference; lastKnownFileType = sourcecode.swift; path = PlayerTests.swift; sourceTree = "<group>"; };
		573B0C731F8F46A900C650D1 /* Info.plist */ = {isa = PBXFileReference; lastKnownFileType = text.plist.xml; path = Info.plist; sourceTree = "<group>"; };
		57577EE31F8F545C00CEFEDD /* APIClient.swift */ = {isa = PBXFileReference; lastKnownFileType = sourcecode.swift; path = APIClient.swift; sourceTree = "<group>"; };
/* End PBXFileReference section */

/* Begin PBXFrameworksBuildPhase section */
		573B0C561F8F46A900C650D1 /* Frameworks */ = {
			isa = PBXFrameworksBuildPhase;
			buildActionMask = 2147483647;
			files = (
			);
			runOnlyForDeploymentPostprocessing = 0;
		};
		573B0C6A1F8F46A900C650D1 /* Frameworks */ = {
			isa = PBXFrameworksBuildPhase;
			buildActionMask = 2147483647;
			files = (
			);
			runOnlyForDeploymentPostprocessing = 0;
		};
/* End PBXFrameworksBuildPhase section */

/* Begin PBXGroup section */
		573B0C501F8F46A900C650D1 = {
			isa = PBXGroup;
			children = (
				573B0C5B1F8F46A900C650D1 /* Player */,
				573B0C701F8F46A900C650D1 /* PlayerTests */,
				573B0C5A1F8F46A900C650D1 /* Products */,
			);
			sourceTree = "<group>";
		};
		573B0C5A1F8F46A900C650D1 /* Products */ = {
			isa = PBXGroup;
			children = (
				573B0C591F8F46A900C650D1 /* Player.app */,
				573B0C6D1F8F46A900C650D1 /* PlayerTests.xctest */,
			);
			name = Products;
			sourceTree = "<group>";
		};
		573B0C5B1F8F46A900C650D1 /* Player */ = {
			isa = PBXGroup;
			children = (
				573B0C5C1F8F46A900C650D1 /* AppDelegate.swift */,
				57577EE31F8F545C00CEFEDD /* APIClient.swift */,
				573B0C5E1F8F46A900C650D1 /* BrowseViewController.swift */,
				573B0C601F8F46A900C650D1 /* Main.storyboard */,
				573B0C631F8F46A900C650D1 /* Assets.xcassets */,
				573B0C651F8F46A900C650D1 /* LaunchScreen.storyboard */,
				573B0C681F8F46A900C650D1 /* Info.plist */,
			);
			path = Player;
			sourceTree = "<group>";
		};
		573B0C701F8F46A900C650D1 /* PlayerTests */ = {
			isa = PBXGroup;
			children = (
				573B0C711F8F46A900C650D1 /* PlayerTests.swift */,
				573B0C731F8F46A900C650D1 /* Info.plist */,
			);
			path = PlayerTests;
			sourceTree = "<group>";
		};
/* End PBXGroup section */

/* Begin PBXNativeTarget section */
		573B0C581F8F46A900C650D1 /* Player */ = {
			isa = PBXNativeTarget;
			buildConfigurationList = 573B0C761F8F46A900C650D1 /* Build configuration list for PBXNativeTarget "Player" */;
			buildPhases = (
				573B0C551F8F46A900C650D1 /* Sources */,
				573B0C561F8F46A900C650D1 /* Frameworks */,
				573B0C571F8F46A900C650D1 /* Resources */,
			);
			buildRules = (
			);
			dependencies = (
			);
			name = Player;
			productName = Player;
			productReference = 573B0C591F8F46A900C650D1 /* Player.app */;
			productType = "com.apple.product-type.application";
		};
		573B0C6C1F8F46A900C650D1 /* PlayerTests */ = {
			isa = PBXNativeTarget;
			buildConfigurationList = 573B0C791F8F46A900C650D1 /* Build configuration list for PBXNativeTarget "PlayerTests" */;
			buildPhases = (
				573B0C691F8F46A900C650D1 /* Sources */,
				573B0C6A1F8F46A900C650D1 /* Frameworks */,
				573B0C6B1F8F46A900C650D1 /* Resources */,
			);
			buildRules = (
			);
			dependencies = (
				573B0C6F1F8F46A900C650D1 /* PBXTargetDependency */,
			);
			name = PlayerTests;
			productName = PlayerTests;
			productReference = 573B0C6D1F8F46A900C650D1 /* PlayerTests.xctest */;
			productType = "com.apple.product-type.bundle.unit-test";
		};
/* End PBXNativeTarget section */

/* Begin PBXProject section */
		573B0C511F8F46A900C650D1 /* Project object */ = {
			isa = PBXProject;
			attributes = {
				LastSwiftUpdateCheck = 0900;
				LastUpgradeCheck = 0900;
				ORGANIZATIONNAME = "Victor Nouvellet";
				TargetAttributes = {
					573B0C581F8F46A900C650D1 = {
						CreatedOnToolsVersion = 9.0;
						ProvisioningStyle = Automatic;
					};
					573B0C6C1F8F46A900C650D1 = {
						CreatedOnToolsVersion = 9.0;
						ProvisioningStyle = Automatic;
						TestTargetID = 573B0C581F8F46A900C650D1;
					};
				};
			};
			buildConfigurationList = 573B0C541F8F46A900C650D1 /* Build configuration list for PBXProject "Player" */;
			compatibilityVersion = "Xcode 8.0";
			developmentRegion = en;
			hasScannedForEncodings = 0;
			knownRegions = (
				en,
				Base,
			);
			mainGroup = 573B0C501F8F46A900C650D1;
			productRefGroup = 573B0C5A1F8F46A900C650D1 /* Products */;
			projectDirPath = "";
			projectRoot = "";
			targets = (
				573B0C581F8F46A900C650D1 /* Player */,
				573B0C6C1F8F46A900C650D1 /* PlayerTests */,
			);
		};
/* End PBXProject section */

/* Begin PBXResourcesBuildPhase section */
		573B0C571F8F46A900C650D1 /* Resources */ = {
			isa = PBXResourcesBuildPhase;
			buildActionMask = 2147483647;
			files = (
				573B0C671F8F46A900C650D1 /* LaunchScreen.storyboard in Resources */,
				573B0C641F8F46A900C650D1 /* Assets.xcassets in Resources */,
				573B0C621F8F46A900C650D1 /* Main.storyboard in Resources */,
			);
			runOnlyForDeploymentPostprocessing = 0;
		};
		573B0C6B1F8F46A900C650D1 /* Resources */ = {
			isa = PBXResourcesBuildPhase;
			buildActionMask = 2147483647;
			files = (
			);
			runOnlyForDeploymentPostprocessing = 0;
		};
/* End PBXResourcesBuildPhase section */

/* Begin PBXSourcesBuildPhase section */
		573B0C551F8F46A900C650D1 /* Sources */ = {
			isa = PBXSourcesBuildPhase;
			buildActionMask = 2147483647;
			files = (
				573B0C5F1F8F46A900C650D1 /* BrowseViewController.swift in Sources */,
				573B0C5D1F8F46A900C650D1 /* AppDelegate.swift in Sources */,
				57577EE41F8F545C00CEFEDD /* APIClient.swift in Sources */,
			);
			runOnlyForDeploymentPostprocessing = 0;
		};
		573B0C691F8F46A900C650D1 /* Sources */ = {
			isa = PBXSourcesBuildPhase;
			buildActionMask = 2147483647;
			files = (
				573B0C721F8F46A900C650D1 /* PlayerTests.swift in Sources */,
			);
			runOnlyForDeploymentPostprocessing = 0;
		};
/* End PBXSourcesBuildPhase section */

/* Begin PBXTargetDependency section */
		573B0C6F1F8F46A900C650D1 /* PBXTargetDependency */ = {
			isa = PBXTargetDependency;
			target = 573B0C581F8F46A900C650D1 /* Player */;
			targetProxy = 573B0C6E1F8F46A900C650D1 /* PBXContainerItemProxy */;
		};
/* End PBXTargetDependency section */

/* Begin PBXVariantGroup section */
		573B0C601F8F46A900C650D1 /* Main.storyboard */ = {
			isa = PBXVariantGroup;
			children = (
				573B0C611F8F46A900C650D1 /* Base */,
			);
			name = Main.storyboard;
			sourceTree = "<group>";
		};
		573B0C651F8F46A900C650D1 /* LaunchScreen.storyboard */ = {
			isa = PBXVariantGroup;
			children = (
				573B0C661F8F46A900C650D1 /* Base */,
			);
			name = LaunchScreen.storyboard;
			sourceTree = "<group>";
		};
/* End PBXVariantGroup section */

/* Begin XCBuildConfiguration section */
		573B0C741F8F46A900C650D1 /* Debug */ = {
			isa = XCBuildConfiguration;
			buildSettings = {
				ALWAYS_SEARCH_USER_PATHS = NO;
				CLANG_ANALYZER_NONNULL = YES;
				CLANG_ANALYZER_NUMBER_OBJECT_CONVERSION = YES_AGGRESSIVE;
				CLANG_CXX_LANGUAGE_STANDARD = "gnu++14";
				CLANG_CXX_LIBRARY = "libc++";
				CLANG_ENABLE_MODULES = YES;
				CLANG_ENABLE_OBJC_ARC = YES;
				CLANG_WARN_BLOCK_CAPTURE_AUTORELEASING = YES;
				CLANG_WARN_BOOL_CONVERSION = YES;
				CLANG_WARN_COMMA = YES;
				CLANG_WARN_CONSTANT_CONVERSION = YES;
				CLANG_WARN_DIRECT_OBJC_ISA_USAGE = YES_ERROR;
				CLANG_WARN_DOCUMENTATION_COMMENTS = YES;
				CLANG_WARN_EMPTY_BODY = YES;
				CLANG_WARN_ENUM_CONVERSION = YES;
				CLANG_WARN_INFINITE_RECURSION = YES;
				CLANG_WARN_INT_CONVERSION = YES;
				CLANG_WARN_NON_LITERAL_NULL_CONVERSION = YES;
				CLANG_WARN_OBJC_LITERAL_CONVERSION = YES;
				CLANG_WARN_OBJC_ROOT_CLASS = YES_ERROR;
				CLANG_WARN_RANGE_LOOP_ANALYSIS = YES;
				CLANG_WARN_STRICT_PROTOTYPES = YES;
				CLANG_WARN_SUSPICIOUS_MOVE = YES;
				CLANG_WARN_UNGUARDED_AVAILABILITY = YES_AGGRESSIVE;
				CLANG_WARN_UNREACHABLE_CODE = YES;
				CLANG_WARN__DUPLICATE_METHOD_MATCH = YES;
				CODE_SIGN_IDENTITY = "iPhone Developer";
				COPY_PHASE_STRIP = NO;
				DEBUG_INFORMATION_FORMAT = dwarf;
				ENABLE_STRICT_OBJC_MSGSEND = YES;
				ENABLE_TESTABILITY = YES;
				GCC_C_LANGUAGE_STANDARD = gnu11;
				GCC_DYNAMIC_NO_PIC = NO;
				GCC_NO_COMMON_BLOCKS = YES;
				GCC_OPTIMIZATION_LEVEL = 0;
				GCC_PREPROCESSOR_DEFINITIONS = (
					"DEBUG=1",
					"$(inherited)",
				);
				GCC_WARN_64_TO_32_BIT_CONVERSION = YES;
				GCC_WARN_ABOUT_RETURN_TYPE = YES_ERROR;
				GCC_WARN_UNDECLARED_SELECTOR = YES;
				GCC_WARN_UNINITIALIZED_AUTOS = YES_AGGRESSIVE;
				GCC_WARN_UNUSED_FUNCTION = YES;
				GCC_WARN_UNUSED_VARIABLE = YES;
				IPHONEOS_DEPLOYMENT_TARGET = 11.0;
				MTL_ENABLE_DEBUG_INFO = YES;
				ONLY_ACTIVE_ARCH = YES;
				SDKROOT = iphoneos;
				SWIFT_ACTIVE_COMPILATION_CONDITIONS = DEBUG;
				SWIFT_OPTIMIZATION_LEVEL = "-Onone";
			};
			name = Debug;
		};
		573B0C751F8F46A900C650D1 /* Release */ = {
			isa = XCBuildConfiguration;
			buildSettings = {
				ALWAYS_SEARCH_USER_PATHS = NO;
				CLANG_ANALYZER_NONNULL = YES;
				CLANG_ANALYZER_NUMBER_OBJECT_CONVERSION = YES_AGGRESSIVE;
				CLANG_CXX_LANGUAGE_STANDARD = "gnu++14";
				CLANG_CXX_LIBRARY = "libc++";
				CLANG_ENABLE_MODULES = YES;
				CLANG_ENABLE_OBJC_ARC = YES;
				CLANG_WARN_BLOCK_CAPTURE_AUTORELEASING = YES;
				CLANG_WARN_BOOL_CONVERSION = YES;
				CLANG_WARN_COMMA = YES;
				CLANG_WARN_CONSTANT_CONVERSION = YES;
				CLANG_WARN_DIRECT_OBJC_ISA_USAGE = YES_ERROR;
				CLANG_WARN_DOCUMENTATION_COMMENTS = YES;
				CLANG_WARN_EMPTY_BODY = YES;
				CLANG_WARN_ENUM_CONVERSION = YES;
				CLANG_WARN_INFINITE_RECURSION = YES;
				CLANG_WARN_INT_CONVERSION = YES;
				CLANG_WARN_NON_LITERAL_NULL_CONVERSION = YES;
				CLANG_WARN_OBJC_LITERAL_CONVERSION = YES;
				CLANG_WARN_OBJC_ROOT_CLASS = YES_ERROR;
				CLANG_WARN_RANGE_LOOP_ANALYSIS = YES;
				CLANG_WARN_STRICT_PROTOTYPES = YES;
				CLANG_WARN_SUSPICIOUS_MOVE = YES;
				CLANG_WARN_UNGUARDED_AVAILABILITY = YES_AGGRESSIVE;
				CLANG_WARN_UNREACHABLE_CODE = YES;
				CLANG_WARN__DUPLICATE_METHOD_MATCH = YES;
				CODE_SIGN_IDENTITY = "iPhone Developer";
				COPY_PHASE_STRIP = NO;
				DEBUG_INFORMATION_FORMAT = "dwarf-with-dsym";
				ENABLE_NS_ASSERTIONS = NO;
				ENABLE_STRICT_OBJC_MSGSEND = YES;
				GCC_C_LANGUAGE_STANDARD = gnu11;
				GCC_NO_COMMON_BLOCKS = YES;
				GCC_WARN_64_TO_32_BIT_CONVERSION = YES;
				GCC_WARN_ABOUT_RETURN_TYPE = YES_ERROR;
				GCC_WARN_UNDECLARED_SELECTOR = YES;
				GCC_WARN_UNINITIALIZED_AUTOS = YES_AGGRESSIVE;
				GCC_WARN_UNUSED_FUNCTION = YES;
				GCC_WARN_UNUSED_VARIABLE = YES;
				IPHONEOS_DEPLOYMENT_TARGET = 11.0;
				MTL_ENABLE_DEBUG_INFO = NO;
				SDKROOT = iphoneos;
				SWIFT_OPTIMIZATION_LEVEL = "-Owholemodule";
				VALIDATE_PRODUCT = YES;
			};
			name = Release;
		};
		573B0C771F8F46A900C650D1 /* Debug */ = {
			isa = XCBuildConfiguration;
			buildSettings = {
				ASSETCATALOG_COMPILER_APPICON_NAME = AppIcon;
				CODE_SIGN_STYLE = Automatic;
				DEVELOPMENT_TEAM = JKBPKH2QVT;
				INFOPLIST_FILE = Player/Info.plist;
				LD_RUNPATH_SEARCH_PATHS = "$(inherited) @executable_path/Frameworks";
				PRODUCT_BUNDLE_IDENTIFIER = com.victornouvellet.Player;
				PRODUCT_NAME = "$(TARGET_NAME)";
				SWIFT_VERSION = 4.0;
				TARGETED_DEVICE_FAMILY = "1,2";
			};
			name = Debug;
		};
		573B0C781F8F46A900C650D1 /* Release */ = {
			isa = XCBuildConfiguration;
			buildSettings = {
				ASSETCATALOG_COMPILER_APPICON_NAME = AppIcon;
				CODE_SIGN_STYLE = Automatic;
				DEVELOPMENT_TEAM = JKBPKH2QVT;
				INFOPLIST_FILE = Player/Info.plist;
				LD_RUNPATH_SEARCH_PATHS = "$(inherited) @executable_path/Frameworks";
				PRODUCT_BUNDLE_IDENTIFIER = com.victornouvellet.Player;
				PRODUCT_NAME = "$(TARGET_NAME)";
				SWIFT_VERSION = 4.0;
				TARGETED_DEVICE_FAMILY = "1,2";
			};
			name = Release;
		};
		573B0C7A1F8F46A900C650D1 /* Debug */ = {
			isa = XCBuildConfiguration;
			buildSettings = {
				ALWAYS_EMBED_SWIFT_STANDARD_LIBRARIES = YES;
				BUNDLE_LOADER = "$(TEST_HOST)";
				CODE_SIGN_STYLE = Automatic;
				DEVELOPMENT_TEAM = JKBPKH2QVT;
				INFOPLIST_FILE = PlayerTests/Info.plist;
				LD_RUNPATH_SEARCH_PATHS = "$(inherited) @executable_path/Frameworks @loader_path/Frameworks";
				PRODUCT_BUNDLE_IDENTIFIER = com.victornouvellet.PlayerTests;
				PRODUCT_NAME = "$(TARGET_NAME)";
				SWIFT_VERSION = 4.0;
				TARGETED_DEVICE_FAMILY = "1,2";
				TEST_HOST = "$(BUILT_PRODUCTS_DIR)/Player.app/Player";
			};
			name = Debug;
		};
		573B0C7B1F8F46A900C650D1 /* Release */ = {
			isa = XCBuildConfiguration;
			buildSettings = {
				ALWAYS_EMBED_SWIFT_STANDARD_LIBRARIES = YES;
				BUNDLE_LOADER = "$(TEST_HOST)";
				CODE_SIGN_STYLE = Automatic;
				DEVELOPMENT_TEAM = JKBPKH2QVT;
				INFOPLIST_FILE = PlayerTests/Info.plist;
				LD_RUNPATH_SEARCH_PATHS = "$(inherited) @executable_path/Frameworks @loader_path/Frameworks";
				PRODUCT_BUNDLE_IDENTIFIER = com.victornouvellet.PlayerTests;
				PRODUCT_NAME = "$(TARGET_NAME)";
				SWIFT_VERSION = 4.0;
				TARGETED_DEVICE_FAMILY = "1,2";
				TEST_HOST = "$(BUILT_PRODUCTS_DIR)/Player.app/Player";
			};
			name = Release;
		};
/* End XCBuildConfiguration section */

/* Begin XCConfigurationList section */
		573B0C541F8F46A900C650D1 /* Build configuration list for PBXProject "Player" */ = {
			isa = XCConfigurationList;
			buildConfigurations = (
				573B0C741F8F46A900C650D1 /* Debug */,
				573B0C751F8F46A900C650D1 /* Release */,
			);
			defaultConfigurationIsVisible = 0;
			defaultConfigurationName = Release;
		};
		573B0C761F8F46A900C650D1 /* Build configuration list for PBXNativeTarget "Player" */ = {
			isa = XCConfigurationList;
			buildConfigurations = (
				573B0C771F8F46A900C650D1 /* Debug */,
				573B0C781F8F46A900C650D1 /* Release */,
			);
			defaultConfigurationIsVisible = 0;
			defaultConfigurationName = Release;
		};
		573B0C791F8F46A900C650D1 /* Build configuration list for PBXNativeTarget "PlayerTests" */ = {
			isa = XCConfigurationList;
			buildConfigurations = (
				573B0C7A1F8F46A900C650D1 /* Debug */,
				573B0C7B1F8F46A900C650D1 /* Release */,
			);
			defaultConfigurationIsVisible = 0;
			defaultConfigurationName = Release;
		};
/* End XCConfigurationList section */
	};
	rootObject = 573B0C511F8F46A900C650D1 /* Project object */;
}
