PODS:
  - MarqueeLabel (3.0.3):
    - MarqueeLabel/ObjC (= 3.0.3)
  - MarqueeLabel/ObjC (3.0.3)
  - MBProgressHUD (1.0.0)

DEPENDENCIES:
  - MarqueeLabel
  - MBProgressHUD

SPEC CHECKSUMS:
  MarqueeLabel: 355b604a19c16a8736194a21327fadccc41b9160
  MBProgressHUD: 4890f671c94e8a0f3cf959aa731e9de2f036d71a

PODFILE CHECKSUM: 97baa45630721b6699e70bcfd298781c008a495a

COCOAPODS: 1.3.1
